
Microsoft Visual Studio Solution File, Format Version 12.00
# Visual Studio Version 16
VisualStudioVersion = 16.0.30621.155
MinimumVisualStudioVersion = 10.0.40219.1
Project("{FAE04EC0-301F-11D3-BF4B-00C04F79EFBC}") = "Chapter21FibonacciSyncAsync", "Chapter21FibonacciSyncAsync\Chapter21FibonacciSyncAsync.csproj", "{4FDAF821-7A9A-4772-983B-BB81798F8B55}"
EndProject
Global
	GlobalSection(SolutionConfigurationPlatforms) = preSolution
		Debug|Any CPU = Debug|Any CPU
		Release|Any CPU = Release|Any CPU
	EndGlobalSection
	GlobalSection(ProjectConfigurationPlatforms) = postSolution
		{4FDAF821-7A9A-4772-983B-BB81798F8B55}.Debug|Any CPU.ActiveCfg = Debug|Any CPU
		{4FDAF821-7A9A-4772-983B-BB81798F8B55}.Debug|Any CPU.Build.0 = Debug|Any CPU
		{4FDAF821-7A9A-4772-983B-BB81798F8B55}.Release|Any CPU.ActiveCfg = Release|Any CPU
		{4FDAF821-7A9A-4772-983B-BB81798F8B55}.Release|Any CPU.Build.0 = Release|Any CPU
	EndGlobalSection
	GlobalSection(SolutionProperties) = preSolution
		HideSolutionNode = FALSE
	EndGlobalSection
	GlobalSection(ExtensibilityGlobals) = postSolution
		SolutionGuid = {6E694D3D-FF24-4383-9BD4-A05E3528AFAA}
	EndGlobalSection
EndGlobal
